
Microsoft Visual Studio Solution File, Format Version 12.00
# Visual Studio Version 17
VisualStudioVersion = 17.2.32526.322
MinimumVisualStudioVersion = 10.0.40219.1
Project("{FAE04EC0-301F-11D3-BF4B-00C04F79EFBC}") = "Laboratoria", "Laboratoria\Laboratoria.csproj", "{1151C8A7-799C-42F5-9BC5-DC05EB1B09EC}"
EndProject
Global
	GlobalSection(SolutionConfigurationPlatforms) = preSolution
		Debug|Any CPU = Debug|Any CPU
		Release|Any CPU = Release|Any CPU
	EndGlobalSection
	GlobalSection(ProjectConfigurationPlatforms) = postSolution
		{1151C8A7-799C-42F5-9BC5-DC05EB1B09EC}.Debug|Any CPU.ActiveCfg = Debug|Any CPU
		{1151C8A7-799C-42F5-9BC5-DC05EB1B09EC}.Debug|Any CPU.Build.0 = Debug|Any CPU
		{1151C8A7-799C-42F5-9BC5-DC05EB1B09EC}.Release|Any CPU.ActiveCfg = Release|Any CPU
		{1151C8A7-799C-42F5-9BC5-DC05EB1B09EC}.Release|Any CPU.Build.0 = Release|Any CPU
	EndGlobalSection
	GlobalSection(SolutionProperties) = preSolution
		HideSolutionNode = FALSE
	EndGlobalSection
	GlobalSection(ExtensibilityGlobals) = postSolution
		SolutionGuid = {80ABFBCC-146A-426B-8E2D-40C1C42A12EC}
	EndGlobalSection
EndGlobal
